
Microsoft Visual Studio Solution File, Format Version 12.00
# Visual Studio Version 16
VisualStudioVersion = 16.0.31702.278
MinimumVisualStudioVersion = 10.0.40219.1
Project("{FAE04EC0-301F-11D3-BF4B-00C04F79EFBC}") = "Hwork9", "Hwork9\Hwork9.csproj", "{F4A848E9-F50B-4292-9110-5C55247F586C}"
EndProject
Global
	GlobalSection(SolutionConfigurationPlatforms) = preSolution
		Debug|Any CPU = Debug|Any CPU
		Release|Any CPU = Release|Any CPU
	EndGlobalSection
	GlobalSection(ProjectConfigurationPlatforms) = postSolution
		{F4A848E9-F50B-4292-9110-5C55247F586C}.Debug|Any CPU.ActiveCfg = Debug|Any CPU
		{F4A848E9-F50B-4292-9110-5C55247F586C}.Debug|Any CPU.Build.0 = Debug|Any CPU
		{F4A848E9-F50B-4292-9110-5C55247F586C}.Release|Any CPU.ActiveCfg = Release|Any CPU
		{F4A848E9-F50B-4292-9110-5C55247F586C}.Release|Any CPU.Build.0 = Release|Any CPU
	EndGlobalSection
	GlobalSection(SolutionProperties) = preSolution
		HideSolutionNode = FALSE
	EndGlobalSection
	GlobalSection(ExtensibilityGlobals) = postSolution
		SolutionGuid = {691F43E6-A33B-4FDC-83D2-A5C8E4D7B957}
	EndGlobalSection
EndGlobal
